
Microsoft Visual Studio Solution File, Format Version 12.00
# Visual Studio 2012
Project("{FAE04EC0-301F-11D3-BF4B-00C04F79EFBC}") = "NFile.Framework", "NFile.Framework\NFile.Framework.csproj", "{B6529F1F-F33B-46B5-BFAD-3102B9348D93}"
EndProject
Project("{FAE04EC0-301F-11D3-BF4B-00C04F79EFBC}") = "NFile.Tests", "NFile.Tests\NFile.Tests.csproj", "{D15A48B2-BE3E-40C4-9F83-D0F88A80D596}"
EndProject
Global
	GlobalSection(SolutionConfigurationPlatforms) = preSolution
		Debug|Any CPU = Debug|Any CPU
		Release|Any CPU = Release|Any CPU
	EndGlobalSection
	GlobalSection(ProjectConfigurationPlatforms) = postSolution
		{B6529F1F-F33B-46B5-BFAD-3102B9348D93}.Debug|Any CPU.ActiveCfg = Debug|Any CPU
		{B6529F1F-F33B-46B5-BFAD-3102B9348D93}.Debug|Any CPU.Build.0 = Debug|Any CPU
		{B6529F1F-F33B-46B5-BFAD-3102B9348D93}.Release|Any CPU.ActiveCfg = Release|Any CPU
		{B6529F1F-F33B-46B5-BFAD-3102B9348D93}.Release|Any CPU.Build.0 = Release|Any CPU
		{D15A48B2-BE3E-40C4-9F83-D0F88A80D596}.Debug|Any CPU.ActiveCfg = Debug|Any CPU
		{D15A48B2-BE3E-40C4-9F83-D0F88A80D596}.Debug|Any CPU.Build.0 = Debug|Any CPU
		{D15A48B2-BE3E-40C4-9F83-D0F88A80D596}.Release|Any CPU.ActiveCfg = Release|Any CPU
		{D15A48B2-BE3E-40C4-9F83-D0F88A80D596}.Release|Any CPU.Build.0 = Release|Any CPU
	EndGlobalSection
	GlobalSection(SolutionProperties) = preSolution
		HideSolutionNode = FALSE
	EndGlobalSection
EndGlobal
